
Microsoft Visual Studio Solution File, Format Version 12.00
# Visual Studio 14
VisualStudioVersion = 14.0.23107.0
MinimumVisualStudioVersion = 10.0.40219.1
Project("{FAE04EC0-301F-11D3-BF4B-00C04F79EFBC}") = "rs-song-playerGUI", "rs-song-player\rs-song-playerGUI.csproj", "{A277EFA0-8C4C-481D-91E8-38F2CE7A1F97}"
EndProject
Global
	GlobalSection(SolutionConfigurationPlatforms) = preSolution
		Debug|ARM = Debug|ARM
		Debug|x64 = Debug|x64
		Debug|x86 = Debug|x86
		Release|ARM = Release|ARM
		Release|x64 = Release|x64
		Release|x86 = Release|x86
	EndGlobalSection
	GlobalSection(ProjectConfigurationPlatforms) = postSolution
		{A277EFA0-8C4C-481D-91E8-38F2CE7A1F97}.Debug|ARM.ActiveCfg = Debug|ARM
		{A277EFA0-8C4C-481D-91E8-38F2CE7A1F97}.Debug|ARM.Build.0 = Debug|ARM
		{A277EFA0-8C4C-481D-91E8-38F2CE7A1F97}.Debug|ARM.Deploy.0 = Debug|ARM
		{A277EFA0-8C4C-481D-91E8-38F2CE7A1F97}.Debug|x64.ActiveCfg = Debug|x64
		{A277EFA0-8C4C-481D-91E8-38F2CE7A1F97}.Debug|x64.Build.0 = Debug|x64
		{A277EFA0-8C4C-481D-91E8-38F2CE7A1F97}.Debug|x64.Deploy.0 = Debug|x64
		{A277EFA0-8C4C-481D-91E8-38F2CE7A1F97}.Debug|x86.ActiveCfg = Debug|x86
		{A277EFA0-8C4C-481D-91E8-38F2CE7A1F97}.Debug|x86.Build.0 = Debug|x86
		{A277EFA0-8C4C-481D-91E8-38F2CE7A1F97}.Debug|x86.Deploy.0 = Debug|x86
		{A277EFA0-8C4C-481D-91E8-38F2CE7A1F97}.Release|ARM.ActiveCfg = Release|ARM
		{A277EFA0-8C4C-481D-91E8-38F2CE7A1F97}.Release|ARM.Build.0 = Release|ARM
		{A277EFA0-8C4C-481D-91E8-38F2CE7A1F97}.Release|ARM.Deploy.0 = Release|ARM
		{A277EFA0-8C4C-481D-91E8-38F2CE7A1F97}.Release|x64.ActiveCfg = Release|x64
		{A277EFA0-8C4C-481D-91E8-38F2CE7A1F97}.Release|x64.Build.0 = Release|x64
		{A277EFA0-8C4C-481D-91E8-38F2CE7A1F97}.Release|x64.Deploy.0 = Release|x64
		{A277EFA0-8C4C-481D-91E8-38F2CE7A1F97}.Release|x86.ActiveCfg = Release|x86
		{A277EFA0-8C4C-481D-91E8-38F2CE7A1F97}.Release|x86.Build.0 = Release|x86
		{A277EFA0-8C4C-481D-91E8-38F2CE7A1F97}.Release|x86.Deploy.0 = Release|x86
	EndGlobalSection
	GlobalSection(SolutionProperties) = preSolution
		HideSolutionNode = FALSE
	EndGlobalSection
EndGlobal
